<?xml version="1.0"?>
<CONFIG>
  <ProjectOptions>
    <PathDelim Value="\"/>
    <Version Value="7"/>
    <General>
      <MainUnit Value="0"/>
      <TargetFileExt Value=".exe"/>
      <Icon Value="0"/>
      <UseXPManifest Value="True"/>
    </General>
    <VersionInfo>
      <ProjectVersion Value=""/>
    </VersionInfo>
    <PublishOptions>
      <Version Value="2"/>
      <IgnoreBinaries Value="False"/>
      <IncludeFileFilter Value="*.(pas|pp|inc|lfm|lpr|lrs|lpi|lpk|sh|xml)"/>
      <ExcludeFileFilter Value="*.(bak|ppu|ppw|o|so);*~;backup"/>
    </PublishOptions>
    <RunParams>
      <local>
        <FormatVersion Value="1"/>
        <LaunchingApplication PathPlusParams="/usr/X11R6/bin/xterm -T 'Lazarus Run Output' -e $(LazarusDir)/tools/runwait.sh $(TargetCmdLine)"/>
      </local>
    </RunParams>
    <RequiredPackages Count="1">
      <Item1>
        <PackageName Value="LCL"/>
      </Item1>
    </RequiredPackages>
    <Units Count="9">
      <Unit0>
        <Filename Value="WinQuizGame.lpr"/>
        <IsPartOfProject Value="True"/>
        <UnitName Value="WinQuizGame"/>
        <CursorPos X="11" Y="9"/>
        <TopLine Value="1"/>
        <UsageCount Value="20"/>
      </Unit0>
      <Unit1>
        <Filename Value="WinQuizGameFrm.pas"/>
        <IsPartOfProject Value="True"/>
        <ComponentName Value="WinQuizGameForm"/>
        <HasResources Value="True"/>
        <ResourceBaseClass Value="Form"/>
        <UnitName Value="WinQuizGameFrm"/>
        <CursorPos X="23" Y="9"/>
        <TopLine Value="1"/>
        <UsageCount Value="20"/>
      </Unit1>
      <Unit2>
        <Filename Value="..\IniFileQuizManagerClass.pas"/>
        <UnitName Value="IniFileQuizManagerClass"/>
        <CursorPos X="59" Y="63"/>
        <TopLine Value="42"/>
        <UsageCount Value="10"/>
      </Unit2>
      <Unit3>
        <Filename Value="..\..\..\Include\QuizGameClass.pas"/>
        <UnitName Value="QuizGameClass"/>
        <CursorPos X="14" Y="10"/>
        <TopLine Value="10"/>
        <UsageCount Value="10"/>
      </Unit3>
      <Unit4>
        <Filename Value="..\..\..\Include\QuizManagerClass.pas"/>
        <UnitName Value="QuizManagerClass"/>
        <CursorPos X="25" Y="22"/>
        <TopLine Value="1"/>
        <UsageCount Value="10"/>
      </Unit4>
      <Unit5>
        <Filename Value="..\HardcodedQuizManagerClass.pas"/>
        <UnitName Value="HardcodedQuizManagerClass"/>
        <CursorPos X="35" Y="13"/>
        <TopLine Value="1"/>
        <UsageCount Value="10"/>
      </Unit5>
      <Unit6>
        <Filename Value="..\..\..\..\..\..\..\lazarus\fpc\2.2.4\source\rtl\inc\objpash.inc"/>
        <CursorPos X="23" Y="151"/>
        <TopLine Value="137"/>
        <UsageCount Value="10"/>
      </Unit6>
      <Unit7>
        <Filename Value="..\..\..\..\..\..\..\lazarus\fpc\2.2.4\source\rtl\objpas\classes\classesh.inc"/>
        <CursorPos X="16" Y="544"/>
        <TopLine Value="528"/>
        <UsageCount Value="10"/>
      </Unit7>
      <Unit8>
        <Filename Value="..\..\..\..\..\..\..\lazarus\fpc\2.2.4\source\rtl\objpas\classes\stringl.inc"/>
        <CursorPos X="3" Y="576"/>
        <TopLine Value="573"/>
        <UsageCount Value="10"/>
      </Unit8>
    </Units>
    <JumpHistory Count="0" HistoryIndex="-1"/>
  </ProjectOptions>
  <CompilerOptions>
    <Version Value="8"/>
    <PathDelim Value="\"/>
    <SearchPaths>
      <IncludeFiles Value="$(ProjOutDir)\"/>
      <OtherUnitFiles Value="..\;..\..\..\Include\"/>
    </SearchPaths>
    <Linking>
      <Options>
        <Win32>
          <GraphicApplication Value="True"/>
        </Win32>
      </Options>
    </Linking>
    <Other>
      <CompilerPath Value="$(CompPath)"/>
    </Other>
  </CompilerOptions>
  <Debugging>
    <Exceptions Count="3">
      <Item1>
        <Name Value="EAbort"/>
      </Item1>
      <Item2>
        <Name Value="ECodetoolError"/>
      </Item2>
      <Item3>
        <Name Value="EFOpenError"/>
      </Item3>
    </Exceptions>
  </Debugging>
</CONFIG>
